github.com/andrisz/zabbix/std v0.0.0-20211213205140-4275b9025b91 h1:x8lHO0VCxo0wNSl5kyf1hEj+jBRnWIrATJcy5ccw77M=
github.com/andrisz/zabbix/std v0.0.0-20211213205140-4275b9025b91/go.mod h1:8t3Pl6EulBVUA4Nyl0RUPy4dSFajl/XW6R8ctf2bk4k=
golang.org/x/sys v0.0.0-20211210111614-af8b64212486 h1:5hpz5aRr+W1erYCL5JRhSUBJRph7l9XkNveoExlrKYk=
golang.org/x/sys v0.0.0-20211210111614-af8b64212486/go.mod h1:oPkhp1MJrh7nUepCBck5+mAzfO9JrbApNNgaTdGDITg=
